// !$*UTF8*$!
{
	archiveVersion = 1;
	classes = {
	};
	objectVersion = 55;
	objects = {

/* Begin PBXBuildFile section */
		C43410B0275D71B2003D6259 /* AppDelegate.swift in Sources */ = {isa = PBXBuildFile; fileRef = C43410AF275D71B2003D6259 /* AppDelegate.swift */; };
		C43410B2275D71B2003D6259 /* GameScene.sks in Resources */ = {isa = PBXBuildFile; fileRef = C43410B1275D71B2003D6259 /* GameScene.sks */; };
		C43410B4275D71B2003D6259 /* Actions.sks in Resources */ = {isa = PBXBuildFile; fileRef = C43410B3275D71B2003D6259 /* Actions.sks */; };
		C43410B6275D71B2003D6259 /* GameScene.swift in Sources */ = {isa = PBXBuildFile; fileRef = C43410B5275D71B2003D6259 /* GameScene.swift */; };
		C43410B8275D71B2003D6259 /* GameViewController.swift in Sources */ = {isa = PBXBuildFile; fileRef = C43410B7275D71B2003D6259 /* GameViewController.swift */; };
		C43410BB275D71B2003D6259 /* Main.storyboard in Resources */ = {isa = PBXBuildFile; fileRef = C43410B9275D71B2003D6259 /* Main.storyboard */; };
		C43410BD275D71B4003D6259 /* Assets.xcassets in Resources */ = {isa = PBXBuildFile; fileRef = C43410BC275D71B4003D6259 /* Assets.xcassets */; };
		C43410C0275D71B4003D6259 /* LaunchScreen.storyboard in Resources */ = {isa = PBXBuildFile; fileRef = C43410BE275D71B4003D6259 /* LaunchScreen.storyboard */; };
		C43410CA275D71B4003D6259 /* MadabaMatchTests.swift in Sources */ = {isa = PBXBuildFile; fileRef = C43410C9275D71B4003D6259 /* MadabaMatchTests.swift */; };
		C43410D4275D71B4003D6259 /* MadabaMatchUITests.swift in Sources */ = {isa = PBXBuildFile; fileRef = C43410D3275D71B4003D6259 /* MadabaMatchUITests.swift */; };
		C43410D6275D71B4003D6259 /* MadabaMatchUITestsLaunchTests.swift in Sources */ = {isa = PBXBuildFile; fileRef = C43410D5275D71B4003D6259 /* MadabaMatchUITestsLaunchTests.swift */; };
		C43410E4275D75EC003D6259 /* Board.swift in Sources */ = {isa = PBXBuildFile; fileRef = C43410E3275D75EC003D6259 /* Board.swift */; };
		C43410E6275D75F6003D6259 /* Tile.swift in Sources */ = {isa = PBXBuildFile; fileRef = C43410E5275D75F6003D6259 /* Tile.swift */; };
		C43410E8275D760C003D6259 /* TileFactory.swift in Sources */ = {isa = PBXBuildFile; fileRef = C43410E7275D760C003D6259 /* TileFactory.swift */; };
		C43410EA27600B43003D6259 /* MainMenu.sks in Resources */ = {isa = PBXBuildFile; fileRef = C43410E927600B43003D6259 /* MainMenu.sks */; };
		C43410EC27600B7B003D6259 /* MainMenu.swift in Sources */ = {isa = PBXBuildFile; fileRef = C43410EB27600B7B003D6259 /* MainMenu.swift */; };
		C43410EF27600F08003D6259 /* MenuButton.swift in Sources */ = {isa = PBXBuildFile; fileRef = C43410EE27600F08003D6259 /* MenuButton.swift */; };
		C43410F127601E68003D6259 /* LoadingScene.sks in Resources */ = {isa = PBXBuildFile; fileRef = C43410F027601E68003D6259 /* LoadingScene.sks */; };
		C43410F327601E7F003D6259 /* LoadingScene.swift in Sources */ = {isa = PBXBuildFile; fileRef = C43410F227601E7F003D6259 /* LoadingScene.swift */; };
		C43410F527614BDE003D6259 /* GameMessage.swift in Sources */ = {isa = PBXBuildFile; fileRef = C43410F427614BDE003D6259 /* GameMessage.swift */; };
/* End PBXBuildFile section */

/* Begin PBXContainerItemProxy section */
		C43410C6275D71B4003D6259 /* PBXContainerItemProxy */ = {
			isa = PBXContainerItemProxy;
			containerPortal = C43410A4275D71B2003D6259 /* Project object */;
			proxyType = 1;
			remoteGlobalIDString = C43410AB275D71B2003D6259;
			remoteInfo = MadabaMatch;
		};
		C43410D0275D71B4003D6259 /* PBXContainerItemProxy */ = {
			isa = PBXContainerItemProxy;
			containerPortal = C43410A4275D71B2003D6259 /* Project object */;
			proxyType = 1;
			remoteGlobalIDString = C43410AB275D71B2003D6259;
			remoteInfo = MadabaMatch;
		};
/* End PBXContainerItemProxy section */

/* Begin PBXFileReference section */
		C43410AC275D71B2003D6259 /* Madaba.app */ = {isa = PBXFileReference; explicitFileType = wrapper.application; includeInIndex = 0; path = Madaba.app; sourceTree = BUILT_PRODUCTS_DIR; };
		C43410AF275D71B2003D6259 /* AppDelegate.swift */ = {isa = PBXFileReference; lastKnownFileType = sourcecode.swift; path = AppDelegate.swift; sourceTree = "<group>"; };
		C43410B1275D71B2003D6259 /* GameScene.sks */ = {isa = PBXFileReference; lastKnownFileType = file.sks; path = GameScene.sks; sourceTree = "<group>"; };
		C43410B3275D71B2003D6259 /* Actions.sks */ = {isa = PBXFileReference; lastKnownFileType = file.sks; path = Actions.sks; sourceTree = "<group>"; };
		C43410B5275D71B2003D6259 /* GameScene.swift */ = {isa = PBXFileReference; lastKnownFileType = sourcecode.swift; path = GameScene.swift; sourceTree = "<group>"; };
		C43410B7275D71B2003D6259 /* GameViewController.swift */ = {isa = PBXFileReference; lastKnownFileType = sourcecode.swift; path = GameViewController.swift; sourceTree = "<group>"; };
		C43410BA275D71B2003D6259 /* Base */ = {isa = PBXFileReference; lastKnownFileType = file.storyboard; name = Base; path = Base.lproj/Main.storyboard; sourceTree = "<group>"; };
		C43410BC275D71B4003D6259 /* Assets.xcassets */ = {isa = PBXFileReference; lastKnownFileType = folder.assetcatalog; path = Assets.xcassets; sourceTree = "<group>"; };
		C43410BF275D71B4003D6259 /* Base */ = {isa = PBXFileReference; lastKnownFileType = file.storyboard; name = Base; path = Base.lproj/LaunchScreen.storyboard; sourceTree = "<group>"; };
		C43410C5275D71B4003D6259 /* MadabaTests.xctest */ = {isa = PBXFileReference; explicitFileType = wrapper.cfbundle; includeInIndex = 0; path = MadabaTests.xctest; sourceTree = BUILT_PRODUCTS_DIR; };
		C43410C9275D71B4003D6259 /* MadabaMatchTests.swift */ = {isa = PBXFileReference; lastKnownFileType = sourcecode.swift; path = MadabaMatchTests.swift; sourceTree = "<group>"; };
		C43410CF275D71B4003D6259 /* MadabaUITests.xctest */ = {isa = PBXFileReference; explicitFileType = wrapper.cfbundle; includeInIndex = 0; path = MadabaUITests.xctest; sourceTree = BUILT_PRODUCTS_DIR; };
		C43410D3275D71B4003D6259 /* MadabaMatchUITests.swift */ = {isa = PBXFileReference; lastKnownFileType = sourcecode.swift; path = MadabaMatchUITests.swift; sourceTree = "<group>"; };
		C43410D5275D71B4003D6259 /* MadabaMatchUITestsLaunchTests.swift */ = {isa = PBXFileReference; lastKnownFileType = sourcecode.swift; path = MadabaMatchUITestsLaunchTests.swift; sourceTree = "<group>"; };
		C43410E3275D75EC003D6259 /* Board.swift */ = {isa = PBXFileReference; lastKnownFileType = sourcecode.swift; path = Board.swift; sourceTree = "<group>"; };
		C43410E5275D75F6003D6259 /* Tile.swift */ = {isa = PBXFileReference; lastKnownFileType = sourcecode.swift; path = Tile.swift; sourceTree = "<group>"; };
		C43410E7275D760C003D6259 /* TileFactory.swift */ = {isa = PBXFileReference; lastKnownFileType = sourcecode.swift; path = TileFactory.swift; sourceTree = "<group>"; };
		C43410E927600B43003D6259 /* MainMenu.sks */ = {isa = PBXFileReference; lastKnownFileType = file.sks; path = MainMenu.sks; sourceTree = "<group>"; };
		C43410EB27600B7B003D6259 /* MainMenu.swift */ = {isa = PBXFileReference; lastKnownFileType = sourcecode.swift; path = MainMenu.swift; sourceTree = "<group>"; };
		C43410EE27600F08003D6259 /* MenuButton.swift */ = {isa = PBXFileReference; lastKnownFileType = sourcecode.swift; path = MenuButton.swift; sourceTree = "<group>"; };
		C43410F027601E68003D6259 /* LoadingScene.sks */ = {isa = PBXFileReference; lastKnownFileType = file.sks; path = LoadingScene.sks; sourceTree = "<group>"; };
		C43410F227601E7F003D6259 /* LoadingScene.swift */ = {isa = PBXFileReference; lastKnownFileType = sourcecode.swift; path = LoadingScene.swift; sourceTree = "<group>"; };
		C43410F427614BDE003D6259 /* GameMessage.swift */ = {isa = PBXFileReference; lastKnownFileType = sourcecode.swift; path = GameMessage.swift; sourceTree = "<group>"; };
/* End PBXFileReference section */

/* Begin PBXFrameworksBuildPhase section */
		C43410A9275D71B2003D6259 /* Frameworks */ = {
			isa = PBXFrameworksBuildPhase;
			buildActionMask = 2147483647;
			files = (
			);
			runOnlyForDeploymentPostprocessing = 0;
		};
		C43410C2275D71B4003D6259 /* Frameworks */ = {
			isa = PBXFrameworksBuildPhase;
			buildActionMask = 2147483647;
			files = (
			);
			runOnlyForDeploymentPostprocessing = 0;
		};
		C43410CC275D71B4003D6259 /* Frameworks */ = {
			isa = PBXFrameworksBuildPhase;
			buildActionMask = 2147483647;
			files = (
			);
			runOnlyForDeploymentPostprocessing = 0;
		};
/* End PBXFrameworksBuildPhase section */

/* Begin PBXGroup section */
		C43410A3275D71B2003D6259 = {
			isa = PBXGroup;
			children = (
				C43410AE275D71B2003D6259 /* MadabaMatch */,
				C43410C8275D71B4003D6259 /* MadabaMatchTests */,
				C43410D2275D71B4003D6259 /* MadabaMatchUITests */,
				C43410AD275D71B2003D6259 /* Products */,
			);
			sourceTree = "<group>";
		};
		C43410AD275D71B2003D6259 /* Products */ = {
			isa = PBXGroup;
			children = (
				C43410AC275D71B2003D6259 /* Madaba.app */,
				C43410C5275D71B4003D6259 /* MadabaTests.xctest */,
				C43410CF275D71B4003D6259 /* MadabaUITests.xctest */,
			);
			name = Products;
			sourceTree = "<group>";
		};
		C43410AE275D71B2003D6259 /* MadabaMatch */ = {
			isa = PBXGroup;
			children = (
				C43410ED27600EF1003D6259 /* MenuTools */,
				C43410E2275D75D4003D6259 /* GameLogic */,
				C43410AF275D71B2003D6259 /* AppDelegate.swift */,
				C43410B1275D71B2003D6259 /* GameScene.sks */,
				C43410B3275D71B2003D6259 /* Actions.sks */,
				C43410B5275D71B2003D6259 /* GameScene.swift */,
				C43410B7275D71B2003D6259 /* GameViewController.swift */,
				C43410B9275D71B2003D6259 /* Main.storyboard */,
				C43410BC275D71B4003D6259 /* Assets.xcassets */,
				C43410BE275D71B4003D6259 /* LaunchScreen.storyboard */,
				C43410E927600B43003D6259 /* MainMenu.sks */,
				C43410EB27600B7B003D6259 /* MainMenu.swift */,
				C43410F027601E68003D6259 /* LoadingScene.sks */,
				C43410F227601E7F003D6259 /* LoadingScene.swift */,
			);
			path = MadabaMatch;
			sourceTree = "<group>";
		};
		C43410C8275D71B4003D6259 /* MadabaMatchTests */ = {
			isa = PBXGroup;
			children = (
				C43410C9275D71B4003D6259 /* MadabaMatchTests.swift */,
			);
			path = MadabaMatchTests;
			sourceTree = "<group>";
		};
		C43410D2275D71B4003D6259 /* MadabaMatchUITests */ = {
			isa = PBXGroup;
			children = (
				C43410D3275D71B4003D6259 /* MadabaMatchUITests.swift */,
				C43410D5275D71B4003D6259 /* MadabaMatchUITestsLaunchTests.swift */,
			);
			path = MadabaMatchUITests;
			sourceTree = "<group>";
		};
		C43410E2275D75D4003D6259 /* GameLogic */ = {
			isa = PBXGroup;
			children = (
				C43410E3275D75EC003D6259 /* Board.swift */,
				C43410E5275D75F6003D6259 /* Tile.swift */,
				C43410E7275D760C003D6259 /* TileFactory.swift */,
				C43410F427614BDE003D6259 /* GameMessage.swift */,
			);
			path = GameLogic;
			sourceTree = "<group>";
		};
		C43410ED27600EF1003D6259 /* MenuTools */ = {
			isa = PBXGroup;
			children = (
				C43410EE27600F08003D6259 /* MenuButton.swift */,
			);
			path = MenuTools;
			sourceTree = "<group>";
		};
/* End PBXGroup section */

/* Begin PBXNativeTarget section */
		C43410AB275D71B2003D6259 /* Madaba */ = {
			isa = PBXNativeTarget;
			buildConfigurationList = C43410D9275D71B4003D6259 /* Build configuration list for PBXNativeTarget "Madaba" */;
			buildPhases = (
				C43410A8275D71B2003D6259 /* Sources */,
				C43410A9275D71B2003D6259 /* Frameworks */,
				C43410AA275D71B2003D6259 /* Resources */,
			);
			buildRules = (
			);
			dependencies = (
			);
			name = Madaba;
			productName = MadabaMatch;
			productReference = C43410AC275D71B2003D6259 /* Madaba.app */;
			productType = "com.apple.product-type.application";
		};
		C43410C4275D71B4003D6259 /* MadabaTests */ = {
			isa = PBXNativeTarget;
			buildConfigurationList = C43410DC275D71B4003D6259 /* Build configuration list for PBXNativeTarget "MadabaTests" */;
			buildPhases = (
				C43410C1275D71B4003D6259 /* Sources */,
				C43410C2275D71B4003D6259 /* Frameworks */,
				C43410C3275D71B4003D6259 /* Resources */,
			);
			buildRules = (
			);
			dependencies = (
				C43410C7275D71B4003D6259 /* PBXTargetDependency */,
			);
			name = MadabaTests;
			productName = MadabaMatchTests;
			productReference = C43410C5275D71B4003D6259 /* MadabaTests.xctest */;
			productType = "com.apple.product-type.bundle.unit-test";
		};
		C43410CE275D71B4003D6259 /* MadabaUITests */ = {
			isa = PBXNativeTarget;
			buildConfigurationList = C43410DF275D71B4003D6259 /* Build configuration list for PBXNativeTarget "MadabaUITests" */;
			buildPhases = (
				C43410CB275D71B4003D6259 /* Sources */,
				C43410CC275D71B4003D6259 /* Frameworks */,
				C43410CD275D71B4003D6259 /* Resources */,
			);
			buildRules = (
			);
			dependencies = (
				C43410D1275D71B4003D6259 /* PBXTargetDependency */,
			);
			name = MadabaUITests;
			productName = MadabaMatchUITests;
			productReference = C43410CF275D71B4003D6259 /* MadabaUITests.xctest */;
			productType = "com.apple.product-type.bundle.ui-testing";
		};
/* End PBXNativeTarget section */

/* Begin PBXProject section */
		C43410A4275D71B2003D6259 /* Project object */ = {
			isa = PBXProject;
			attributes = {
				BuildIndependentTargetsInParallel = 1;
				LastSwiftUpdateCheck = 1310;
				LastUpgradeCheck = 1310;
				TargetAttributes = {
					C43410AB275D71B2003D6259 = {
						CreatedOnToolsVersion = 13.1;
					};
					C43410C4275D71B4003D6259 = {
						CreatedOnToolsVersion = 13.1;
						TestTargetID = C43410AB275D71B2003D6259;
					};
					C43410CE275D71B4003D6259 = {
						CreatedOnToolsVersion = 13.1;
						TestTargetID = C43410AB275D71B2003D6259;
					};
				};
			};
			buildConfigurationList = C43410A7275D71B2003D6259 /* Build configuration list for PBXProject "Madaba" */;
			compatibilityVersion = "Xcode 13.0";
			developmentRegion = en;
			hasScannedForEncodings = 0;
			knownRegions = (
				en,
				Base,
			);
			mainGroup = C43410A3275D71B2003D6259;
			productRefGroup = C43410AD275D71B2003D6259 /* Products */;
			projectDirPath = "";
			projectRoot = "";
			targets = (
				C43410AB275D71B2003D6259 /* Madaba */,
				C43410C4275D71B4003D6259 /* MadabaTests */,
				C43410CE275D71B4003D6259 /* MadabaUITests */,
			);
		};
/* End PBXProject section */

/* Begin PBXResourcesBuildPhase section */
		C43410AA275D71B2003D6259 /* Resources */ = {
			isa = PBXResourcesBuildPhase;
			buildActionMask = 2147483647;
			files = (
				C43410BB275D71B2003D6259 /* Main.storyboard in Resources */,
				C43410B2275D71B2003D6259 /* GameScene.sks in Resources */,
				C43410BD275D71B4003D6259 /* Assets.xcassets in Resources */,
				C43410C0275D71B4003D6259 /* LaunchScreen.storyboard in Resources */,
				C43410B4275D71B2003D6259 /* Actions.sks in Resources */,
				C43410F127601E68003D6259 /* LoadingScene.sks in Resources */,
				C43410EA27600B43003D6259 /* MainMenu.sks in Resources */,
			);
			runOnlyForDeploymentPostprocessing = 0;
		};
		C43410C3275D71B4003D6259 /* Resources */ = {
			isa = PBXResourcesBuildPhase;
			buildActionMask = 2147483647;
			files = (
			);
			runOnlyForDeploymentPostprocessing = 0;
		};
		C43410CD275D71B4003D6259 /* Resources */ = {
			isa = PBXResourcesBuildPhase;
			buildActionMask = 2147483647;
			files = (
			);
			runOnlyForDeploymentPostprocessing = 0;
		};
/* End PBXResourcesBuildPhase section */

/* Begin PBXSourcesBuildPhase section */
		C43410A8275D71B2003D6259 /* Sources */ = {
			isa = PBXSourcesBuildPhase;
			buildActionMask = 2147483647;
			files = (
				C43410B6275D71B2003D6259 /* GameScene.swift in Sources */,
				C43410F327601E7F003D6259 /* LoadingScene.swift in Sources */,
				C43410B8275D71B2003D6259 /* GameViewController.swift in Sources */,
				C43410EC27600B7B003D6259 /* MainMenu.swift in Sources */,
				C43410E6275D75F6003D6259 /* Tile.swift in Sources */,
				C43410EF27600F08003D6259 /* MenuButton.swift in Sources */,
				C43410E4275D75EC003D6259 /* Board.swift in Sources */,
				C43410F527614BDE003D6259 /* GameMessage.swift in Sources */,
				C43410E8275D760C003D6259 /* TileFactory.swift in Sources */,
				C43410B0275D71B2003D6259 /* AppDelegate.swift in Sources */,
			);
			runOnlyForDeploymentPostprocessing = 0;
		};
		C43410C1275D71B4003D6259 /* Sources */ = {
			isa = PBXSourcesBuildPhase;
			buildActionMask = 2147483647;
			files = (
				C43410CA275D71B4003D6259 /* MadabaMatchTests.swift in Sources */,
			);
			runOnlyForDeploymentPostprocessing = 0;
		};
		C43410CB275D71B4003D6259 /* Sources */ = {
			isa = PBXSourcesBuildPhase;
			buildActionMask = 2147483647;
			files = (
				C43410D6275D71B4003D6259 /* MadabaMatchUITestsLaunchTests.swift in Sources */,
				C43410D4275D71B4003D6259 /* MadabaMatchUITests.swift in Sources */,
			);
			runOnlyForDeploymentPostprocessing = 0;
		};
/* End PBXSourcesBuildPhase section */

/* Begin PBXTargetDependency section */
		C43410C7275D71B4003D6259 /* PBXTargetDependency */ = {
			isa = PBXTargetDependency;
			target = C43410AB275D71B2003D6259 /* Madaba */;
			targetProxy = C43410C6275D71B4003D6259 /* PBXContainerItemProxy */;
		};
		C43410D1275D71B4003D6259 /* PBXTargetDependency */ = {
			isa = PBXTargetDependency;
			target = C43410AB275D71B2003D6259 /* Madaba */;
			targetProxy = C43410D0275D71B4003D6259 /* PBXContainerItemProxy */;
		};
/* End PBXTargetDependency section */

/* Begin PBXVariantGroup section */
		C43410B9275D71B2003D6259 /* Main.storyboard */ = {
			isa = PBXVariantGroup;
			children = (
				C43410BA275D71B2003D6259 /* Base */,
			);
			name = Main.storyboard;
			sourceTree = "<group>";
		};
		C43410BE275D71B4003D6259 /* LaunchScreen.storyboard */ = {
			isa = PBXVariantGroup;
			children = (
				C43410BF275D71B4003D6259 /* Base */,
			);
			name = LaunchScreen.storyboard;
			sourceTree = "<group>";
		};
/* End PBXVariantGroup section */

/* Begin XCBuildConfiguration section */
		C43410D7275D71B4003D6259 /* Debug */ = {
			isa = XCBuildConfiguration;
			buildSettings = {
				ALWAYS_SEARCH_USER_PATHS = NO;
				CLANG_ANALYZER_NONNULL = YES;
				CLANG_ANALYZER_NUMBER_OBJECT_CONVERSION = YES_AGGRESSIVE;
				CLANG_CXX_LANGUAGE_STANDARD = "gnu++17";
				CLANG_CXX_LIBRARY = "libc++";
				CLANG_ENABLE_MODULES = YES;
				CLANG_ENABLE_OBJC_ARC = YES;
				CLANG_ENABLE_OBJC_WEAK = YES;
				CLANG_WARN_BLOCK_CAPTURE_AUTORELEASING = YES;
				CLANG_WARN_BOOL_CONVERSION = YES;
				CLANG_WARN_COMMA = YES;
				CLANG_WARN_CONSTANT_CONVERSION = YES;
				CLANG_WARN_DEPRECATED_OBJC_IMPLEMENTATIONS = YES;
				CLANG_WARN_DIRECT_OBJC_ISA_USAGE = YES_ERROR;
				CLANG_WARN_DOCUMENTATION_COMMENTS = YES;
				CLANG_WARN_EMPTY_BODY = YES;
				CLANG_WARN_ENUM_CONVERSION = YES;
				CLANG_WARN_INFINITE_RECURSION = YES;
				CLANG_WARN_INT_CONVERSION = YES;
				CLANG_WARN_NON_LITERAL_NULL_CONVERSION = YES;
				CLANG_WARN_OBJC_IMPLICIT_RETAIN_SELF = YES;
				CLANG_WARN_OBJC_LITERAL_CONVERSION = YES;
				CLANG_WARN_OBJC_ROOT_CLASS = YES_ERROR;
				CLANG_WARN_QUOTED_INCLUDE_IN_FRAMEWORK_HEADER = YES;
				CLANG_WARN_RANGE_LOOP_ANALYSIS = YES;
				CLANG_WARN_STRICT_PROTOTYPES = YES;
				CLANG_WARN_SUSPICIOUS_MOVE = YES;
				CLANG_WARN_UNGUARDED_AVAILABILITY = YES_AGGRESSIVE;
				CLANG_WARN_UNREACHABLE_CODE = YES;
				CLANG_WARN__DUPLICATE_METHOD_MATCH = YES;
				COPY_PHASE_STRIP = NO;
				DEBUG_INFORMATION_FORMAT = dwarf;
				ENABLE_STRICT_OBJC_MSGSEND = YES;
				ENABLE_TESTABILITY = YES;
				GCC_C_LANGUAGE_STANDARD = gnu11;
				GCC_DYNAMIC_NO_PIC = NO;
				GCC_NO_COMMON_BLOCKS = YES;
				GCC_OPTIMIZATION_LEVEL = 0;
				GCC_PREPROCESSOR_DEFINITIONS = (
					"DEBUG=1",
					"$(inherited)",
				);
				GCC_WARN_64_TO_32_BIT_CONVERSION = YES;
				GCC_WARN_ABOUT_RETURN_TYPE = YES_ERROR;
				GCC_WARN_UNDECLARED_SELECTOR = YES;
				GCC_WARN_UNINITIALIZED_AUTOS = YES_AGGRESSIVE;
				GCC_WARN_UNUSED_FUNCTION = YES;
				GCC_WARN_UNUSED_VARIABLE = YES;
				IPHONEOS_DEPLOYMENT_TARGET = 14.0;
				MTL_ENABLE_DEBUG_INFO = INCLUDE_SOURCE;
				MTL_FAST_MATH = YES;
				ONLY_ACTIVE_ARCH = YES;
				SDKROOT = iphoneos;
				SWIFT_ACTIVE_COMPILATION_CONDITIONS = DEBUG;
				SWIFT_OPTIMIZATION_LEVEL = "-Onone";
			};
			name = Debug;
		};
		C43410D8275D71B4003D6259 /* Release */ = {
			isa = XCBuildConfiguration;
			buildSettings = {
				ALWAYS_SEARCH_USER_PATHS = NO;
				CLANG_ANALYZER_NONNULL = YES;
				CLANG_ANALYZER_NUMBER_OBJECT_CONVERSION = YES_AGGRESSIVE;
				CLANG_CXX_LANGUAGE_STANDARD = "gnu++17";
				CLANG_CXX_LIBRARY = "libc++";
				CLANG_ENABLE_MODULES = YES;
				CLANG_ENABLE_OBJC_ARC = YES;
				CLANG_ENABLE_OBJC_WEAK = YES;
				CLANG_WARN_BLOCK_CAPTURE_AUTORELEASING = YES;
				CLANG_WARN_BOOL_CONVERSION = YES;
				CLANG_WARN_COMMA = YES;
				CLANG_WARN_CONSTANT_CONVERSION = YES;
				CLANG_WARN_DEPRECATED_OBJC_IMPLEMENTATIONS = YES;
				CLANG_WARN_DIRECT_OBJC_ISA_USAGE = YES_ERROR;
				CLANG_WARN_DOCUMENTATION_COMMENTS = YES;
				CLANG_WARN_EMPTY_BODY = YES;
				CLANG_WARN_ENUM_CONVERSION = YES;
				CLANG_WARN_INFINITE_RECURSION = YES;
				CLANG_WARN_INT_CONVERSION = YES;
				CLANG_WARN_NON_LITERAL_NULL_CONVERSION = YES;
				CLANG_WARN_OBJC_IMPLICIT_RETAIN_SELF = YES;
				CLANG_WARN_OBJC_LITERAL_CONVERSION = YES;
				CLANG_WARN_OBJC_ROOT_CLASS = YES_ERROR;
				CLANG_WARN_QUOTED_INCLUDE_IN_FRAMEWORK_HEADER = YES;
				CLANG_WARN_RANGE_LOOP_ANALYSIS = YES;
				CLANG_WARN_STRICT_PROTOTYPES = YES;
				CLANG_WARN_SUSPICIOUS_MOVE = YES;
				CLANG_WARN_UNGUARDED_AVAILABILITY = YES_AGGRESSIVE;
				CLANG_WARN_UNREACHABLE_CODE = YES;
				CLANG_WARN__DUPLICATE_METHOD_MATCH = YES;
				COPY_PHASE_STRIP = NO;
				DEBUG_INFORMATION_FORMAT = "dwarf-with-dsym";
				ENABLE_NS_ASSERTIONS = NO;
				ENABLE_STRICT_OBJC_MSGSEND = YES;
				GCC_C_LANGUAGE_STANDARD = gnu11;
				GCC_NO_COMMON_BLOCKS = YES;
				GCC_WARN_64_TO_32_BIT_CONVERSION = YES;
				GCC_WARN_ABOUT_RETURN_TYPE = YES_ERROR;
				GCC_WARN_UNDECLARED_SELECTOR = YES;
				GCC_WARN_UNINITIALIZED_AUTOS = YES_AGGRESSIVE;
				GCC_WARN_UNUSED_FUNCTION = YES;
				GCC_WARN_UNUSED_VARIABLE = YES;
				IPHONEOS_DEPLOYMENT_TARGET = 14.0;
				MTL_ENABLE_DEBUG_INFO = NO;
				MTL_FAST_MATH = YES;
				SDKROOT = iphoneos;
				SWIFT_COMPILATION_MODE = wholemodule;
				SWIFT_OPTIMIZATION_LEVEL = "-O";
				VALIDATE_PRODUCT = YES;
			};
			name = Release;
		};
		C43410DA275D71B4003D6259 /* Debug */ = {
			isa = XCBuildConfiguration;
			buildSettings = {
				ASSETCATALOG_COMPILER_APPICON_NAME = AppIcon;
				ASSETCATALOG_COMPILER_GLOBAL_ACCENT_COLOR_NAME = AccentColor;
				CODE_SIGN_STYLE = Automatic;
				CURRENT_PROJECT_VERSION = 2;
				DEVELOPMENT_TEAM = XCBTW98MC4;
				GENERATE_INFOPLIST_FILE = YES;
				INFOPLIST_KEY_UIApplicationSupportsIndirectInputEvents = YES;
				INFOPLIST_KEY_UILaunchStoryboardName = LaunchScreen;
				INFOPLIST_KEY_UIMainStoryboardFile = Main;
				INFOPLIST_KEY_UIStatusBarHidden = YES;
				INFOPLIST_KEY_UISupportedInterfaceOrientations_iPad = "UIInterfaceOrientationPortrait UIInterfaceOrientationPortraitUpsideDown UIInterfaceOrientationLandscapeLeft UIInterfaceOrientationLandscapeRight";
				INFOPLIST_KEY_UISupportedInterfaceOrientations_iPhone = "UIInterfaceOrientationPortrait UIInterfaceOrientationLandscapeLeft UIInterfaceOrientationLandscapeRight";
				LD_RUNPATH_SEARCH_PATHS = (
					"$(inherited)",
					"@executable_path/Frameworks",
				);
				MARKETING_VERSION = 1.1;
				PRODUCT_BUNDLE_IDENTIFIER = com.madScience.MadabaButIHadToStartOver;
				PRODUCT_NAME = Madaba;
				SWIFT_EMIT_LOC_STRINGS = YES;
				SWIFT_VERSION = 5.0;
				TARGETED_DEVICE_FAMILY = "1,2";
			};
			name = Debug;
		};
		C43410DB275D71B4003D6259 /* Release */ = {
			isa = XCBuildConfiguration;
			buildSettings = {
				ASSETCATALOG_COMPILER_APPICON_NAME = AppIcon;
				ASSETCATALOG_COMPILER_GLOBAL_ACCENT_COLOR_NAME = AccentColor;
				CODE_SIGN_STYLE = Automatic;
				CURRENT_PROJECT_VERSION = 2;
				DEVELOPMENT_TEAM = XCBTW98MC4;
				GENERATE_INFOPLIST_FILE = YES;
				INFOPLIST_KEY_UIApplicationSupportsIndirectInputEvents = YES;
				INFOPLIST_KEY_UILaunchStoryboardName = LaunchScreen;
				INFOPLIST_KEY_UIMainStoryboardFile = Main;
				INFOPLIST_KEY_UIStatusBarHidden = YES;
				INFOPLIST_KEY_UISupportedInterfaceOrientations_iPad = "UIInterfaceOrientationPortrait UIInterfaceOrientationPortraitUpsideDown UIInterfaceOrientationLandscapeLeft UIInterfaceOrientationLandscapeRight";
				INFOPLIST_KEY_UISupportedInterfaceOrientations_iPhone = "UIInterfaceOrientationPortrait UIInterfaceOrientationLandscapeLeft UIInterfaceOrientationLandscapeRight";
				LD_RUNPATH_SEARCH_PATHS = (
					"$(inherited)",
					"@executable_path/Frameworks",
				);
				MARKETING_VERSION = 1.1;
				PRODUCT_BUNDLE_IDENTIFIER = com.madScience.MadabaButIHadToStartOver;
				PRODUCT_NAME = Madaba;
				SWIFT_EMIT_LOC_STRINGS = YES;
				SWIFT_VERSION = 5.0;
				TARGETED_DEVICE_FAMILY = "1,2";
			};
			name = Release;
		};
		C43410DD275D71B4003D6259 /* Debug */ = {
			isa = XCBuildConfiguration;
			buildSettings = {
				ALWAYS_EMBED_SWIFT_STANDARD_LIBRARIES = YES;
				BUNDLE_LOADER = "$(TEST_HOST)";
				CODE_SIGN_STYLE = Automatic;
				CURRENT_PROJECT_VERSION = 1;
				DEVELOPMENT_TEAM = XCBTW98MC4;
				GENERATE_INFOPLIST_FILE = YES;
				IPHONEOS_DEPLOYMENT_TARGET = 15.0;
				LD_RUNPATH_SEARCH_PATHS = (
					"$(inherited)",
					"@executable_path/Frameworks",
					"@loader_path/Frameworks",
				);
				MARKETING_VERSION = 1.0;
				PRODUCT_BUNDLE_IDENTIFIER = com.madScience.MadabaMatchTests;
				PRODUCT_NAME = "$(TARGET_NAME)";
				SWIFT_EMIT_LOC_STRINGS = NO;
				SWIFT_VERSION = 5.0;
				TARGETED_DEVICE_FAMILY = "1,2";
				TEST_HOST = "$(BUILT_PRODUCTS_DIR)/Madaba.app/Madaba";
			};
			name = Debug;
		};
		C43410DE275D71B4003D6259 /* Release */ = {
			isa = XCBuildConfiguration;
			buildSettings = {
				ALWAYS_EMBED_SWIFT_STANDARD_LIBRARIES = YES;
				BUNDLE_LOADER = "$(TEST_HOST)";
				CODE_SIGN_STYLE = Automatic;
				CURRENT_PROJECT_VERSION = 1;
				DEVELOPMENT_TEAM = XCBTW98MC4;
				GENERATE_INFOPLIST_FILE = YES;
				IPHONEOS_DEPLOYMENT_TARGET = 15.0;
				LD_RUNPATH_SEARCH_PATHS = (
					"$(inherited)",
					"@executable_path/Frameworks",
					"@loader_path/Frameworks",
				);
				MARKETING_VERSION = 1.0;
				PRODUCT_BUNDLE_IDENTIFIER = com.madScience.MadabaMatchTests;
				PRODUCT_NAME = "$(TARGET_NAME)";
				SWIFT_EMIT_LOC_STRINGS = NO;
				SWIFT_VERSION = 5.0;
				TARGETED_DEVICE_FAMILY = "1,2";
				TEST_HOST = "$(BUILT_PRODUCTS_DIR)/Madaba.app/Madaba";
			};
			name = Release;
		};
		C43410E0275D71B4003D6259 /* Debug */ = {
			isa = XCBuildConfiguration;
			buildSettings = {
				ALWAYS_EMBED_SWIFT_STANDARD_LIBRARIES = YES;
				CODE_SIGN_STYLE = Automatic;
				CURRENT_PROJECT_VERSION = 1;
				DEVELOPMENT_TEAM = XCBTW98MC4;
				GENERATE_INFOPLIST_FILE = YES;
				LD_RUNPATH_SEARCH_PATHS = (
					"$(inherited)",
					"@executable_path/Frameworks",
					"@loader_path/Frameworks",
				);
				MARKETING_VERSION = 1.0;
				PRODUCT_BUNDLE_IDENTIFIER = com.madScience.MadabaMatchUITests;
				PRODUCT_NAME = "$(TARGET_NAME)";
				SWIFT_EMIT_LOC_STRINGS = NO;
				SWIFT_VERSION = 5.0;
				TARGETED_DEVICE_FAMILY = "1,2";
				TEST_TARGET_NAME = MadabaMatch;
			};
			name = Debug;
		};
		C43410E1275D71B4003D6259 /* Release */ = {
			isa = XCBuildConfiguration;
			buildSettings = {
				ALWAYS_EMBED_SWIFT_STANDARD_LIBRARIES = YES;
				CODE_SIGN_STYLE = Automatic;
				CURRENT_PROJECT_VERSION = 1;
				DEVELOPMENT_TEAM = XCBTW98MC4;
				GENERATE_INFOPLIST_FILE = YES;
				LD_RUNPATH_SEARCH_PATHS = (
					"$(inherited)",
					"@executable_path/Frameworks",
					"@loader_path/Frameworks",
				);
				MARKETING_VERSION = 1.0;
				PRODUCT_BUNDLE_IDENTIFIER = com.madScience.MadabaMatchUITests;
				PRODUCT_NAME = "$(TARGET_NAME)";
				SWIFT_EMIT_LOC_STRINGS = NO;
				SWIFT_VERSION = 5.0;
				TARGETED_DEVICE_FAMILY = "1,2";
				TEST_TARGET_NAME = MadabaMatch;
			};
			name = Release;
		};
/* End XCBuildConfiguration section */

/* Begin XCConfigurationList section */
		C43410A7275D71B2003D6259 /* Build configuration list for PBXProject "Madaba" */ = {
			isa = XCConfigurationList;
			buildConfigurations = (
				C43410D7275D71B4003D6259 /* Debug */,
				C43410D8275D71B4003D6259 /* Release */,
			);
			defaultConfigurationIsVisible = 0;
			defaultConfigurationName = Release;
		};
		C43410D9275D71B4003D6259 /* Build configuration list for PBXNativeTarget "Madaba" */ = {
			isa = XCConfigurationList;
			buildConfigurations = (
				C43410DA275D71B4003D6259 /* Debug */,
				C43410DB275D71B4003D6259 /* Release */,
			);
			defaultConfigurationIsVisible = 0;
			defaultConfigurationName = Release;
		};
		C43410DC275D71B4003D6259 /* Build configuration list for PBXNativeTarget "MadabaTests" */ = {
			isa = XCConfigurationList;
			buildConfigurations = (
				C43410DD275D71B4003D6259 /* Debug */,
				C43410DE275D71B4003D6259 /* Release */,
			);
			defaultConfigurationIsVisible = 0;
			defaultConfigurationName = Release;
		};
		C43410DF275D71B4003D6259 /* Build configuration list for PBXNativeTarget "MadabaUITests" */ = {
			isa = XCConfigurationList;
			buildConfigurations = (
				C43410E0275D71B4003D6259 /* Debug */,
				C43410E1275D71B4003D6259 /* Release */,
			);
			defaultConfigurationIsVisible = 0;
			defaultConfigurationName = Release;
		};
/* End XCConfigurationList section */
	};
	rootObject = C43410A4275D71B2003D6259 /* Project object */;
}
